
Microsoft Visual Studio Solution File, Format Version 12.00
# Visual Studio Version 17
VisualStudioVersion = 17.12.35707.178 d17.12
MinimumVisualStudioVersion = 10.0.40219.1
Project("{FAE04EC0-301F-11D3-BF4B-00C04F79EFBC}") = "POO_U1T2", "POO_U1T2\POO_U1T2.csproj", "{EACD30DF-8392-46D5-B311-8EEB8F936285}"
EndProject
Global
	GlobalSection(SolutionConfigurationPlatforms) = preSolution
		Debug|Any CPU = Debug|Any CPU
		Release|Any CPU = Release|Any CPU
	EndGlobalSection
	GlobalSection(ProjectConfigurationPlatforms) = postSolution
		{EACD30DF-8392-46D5-B311-8EEB8F936285}.Debug|Any CPU.ActiveCfg = Debug|Any CPU
		{EACD30DF-8392-46D5-B311-8EEB8F936285}.Debug|Any CPU.Build.0 = Debug|Any CPU
		{EACD30DF-8392-46D5-B311-8EEB8F936285}.Release|Any CPU.ActiveCfg = Release|Any CPU
		{EACD30DF-8392-46D5-B311-8EEB8F936285}.Release|Any CPU.Build.0 = Release|Any CPU
	EndGlobalSection
	GlobalSection(SolutionProperties) = preSolution
		HideSolutionNode = FALSE
	EndGlobalSection
EndGlobal
